
Microsoft Visual Studio Solution File, Format Version 12.00
# Visual Studio Version 17
VisualStudioVersion = 17.0.32126.317
MinimumVisualStudioVersion = 10.0.40219.1
Project("{FAE04EC0-301F-11D3-BF4B-00C04F79EFBC}") = "LHM", "LHM.csproj", "{C08E31AB-F284-40E1-A75D-36D98D4A7ABD}"
EndProject
Global
	GlobalSection(SolutionConfigurationPlatforms) = preSolution
		Debug|Any CPU = Debug|Any CPU
		Debug|x86 = Debug|x86
		Release|Any CPU = Release|Any CPU
		Release|x86 = Release|x86
	EndGlobalSection
	GlobalSection(ProjectConfigurationPlatforms) = postSolution
		{C08E31AB-F284-40E1-A75D-36D98D4A7ABD}.Debug|Any CPU.ActiveCfg = Debug|Any CPU
		{C08E31AB-F284-40E1-A75D-36D98D4A7ABD}.Debug|Any CPU.Build.0 = Debug|Any CPU
		{C08E31AB-F284-40E1-A75D-36D98D4A7ABD}.Debug|x86.ActiveCfg = Release|x86
		{C08E31AB-F284-40E1-A75D-36D98D4A7ABD}.Debug|x86.Build.0 = Release|x86
		{C08E31AB-F284-40E1-A75D-36D98D4A7ABD}.Release|Any CPU.ActiveCfg = Release|Any CPU
		{C08E31AB-F284-40E1-A75D-36D98D4A7ABD}.Release|Any CPU.Build.0 = Release|Any CPU
		{C08E31AB-F284-40E1-A75D-36D98D4A7ABD}.Release|x86.ActiveCfg = Release|x86
		{C08E31AB-F284-40E1-A75D-36D98D4A7ABD}.Release|x86.Build.0 = Release|x86
	EndGlobalSection
	GlobalSection(SolutionProperties) = preSolution
		HideSolutionNode = FALSE
	EndGlobalSection
	GlobalSection(ExtensibilityGlobals) = postSolution
		SolutionGuid = {C932F78D-8EEA-4384-875F-CE706ED8E147}
	EndGlobalSection
EndGlobal
